
Microsoft Visual Studio Solution File, Format Version 12.00
# Visual Studio 15
VisualStudioVersion = 15.0.27428.2015
MinimumVisualStudioVersion = 10.0.40219.1
Project("{FAE04EC0-301F-11D3-BF4B-00C04F79EFBC}") = "UsingScanner", "UsingScanner\UsingScanner.csproj", "{C8CAB57C-CDC9-4CA8-A2B4-22BDED61AB40}"
EndProject
Global
	GlobalSection(SolutionConfigurationPlatforms) = preSolution
		Debug|Any CPU = Debug|Any CPU
		Release|Any CPU = Release|Any CPU
	EndGlobalSection
	GlobalSection(ProjectConfigurationPlatforms) = postSolution
		{C8CAB57C-CDC9-4CA8-A2B4-22BDED61AB40}.Debug|Any CPU.ActiveCfg = Debug|Any CPU
		{C8CAB57C-CDC9-4CA8-A2B4-22BDED61AB40}.Debug|Any CPU.Build.0 = Debug|Any CPU
		{C8CAB57C-CDC9-4CA8-A2B4-22BDED61AB40}.Release|Any CPU.ActiveCfg = Release|Any CPU
		{C8CAB57C-CDC9-4CA8-A2B4-22BDED61AB40}.Release|Any CPU.Build.0 = Release|Any CPU
	EndGlobalSection
	GlobalSection(SolutionProperties) = preSolution
		HideSolutionNode = FALSE
	EndGlobalSection
	GlobalSection(ExtensibilityGlobals) = postSolution
		SolutionGuid = {2C764F67-92D0-4B6E-89D9-19B760DD0808}
	EndGlobalSection
EndGlobal
